// !$*UTF8*$!
{
	archiveVersion = 1;
	classes = {
	};
	objectVersion = 56;
	objects = {

/* Begin PBXBuildFile section */
		F82183132A36DC4100F23A39 /* RestaurantDetailViewController.swift in Sources */ = {isa = PBXBuildFile; fileRef = F82183122A36DC4100F23A39 /* RestaurantDetailViewController.swift */; };
		F82183152A37171A00F23A39 /* Restaurant.swift in Sources */ = {isa = PBXBuildFile; fileRef = F82183142A37171A00F23A39 /* Restaurant.swift */; };
		F89042EC2A1A2A2000D79F87 /* RestaurantTableViewCell.swift in Sources */ = {isa = PBXBuildFile; fileRef = F89042EB2A1A2A2000D79F87 /* RestaurantTableViewCell.swift */; };
		F8D719862A39987100B19B0D /* Roboto-ThinItalic.ttf in Resources */ = {isa = PBXBuildFile; fileRef = F8D719792A39987100B19B0D /* Roboto-ThinItalic.ttf */; };
		F8D719872A39987100B19B0D /* Roboto-Black.ttf in Resources */ = {isa = PBXBuildFile; fileRef = F8D7197A2A39987100B19B0D /* Roboto-Black.ttf */; };
		F8D719882A39987100B19B0D /* Roboto-Light.ttf in Resources */ = {isa = PBXBuildFile; fileRef = F8D7197B2A39987100B19B0D /* Roboto-Light.ttf */; };
		F8D719892A39987100B19B0D /* Roboto-Thin.ttf in Resources */ = {isa = PBXBuildFile; fileRef = F8D7197C2A39987100B19B0D /* Roboto-Thin.ttf */; };
		F8D7198A2A39987100B19B0D /* LICENSE.txt in Resources */ = {isa = PBXBuildFile; fileRef = F8D7197D2A39987100B19B0D /* LICENSE.txt */; };
		F8D7198B2A39987100B19B0D /* Roboto-MediumItalic.ttf in Resources */ = {isa = PBXBuildFile; fileRef = F8D7197E2A39987100B19B0D /* Roboto-MediumItalic.ttf */; };
		F8D7198C2A39987100B19B0D /* Roboto-BlackItalic.ttf in Resources */ = {isa = PBXBuildFile; fileRef = F8D7197F2A39987100B19B0D /* Roboto-BlackItalic.ttf */; };
		F8D7198D2A39987100B19B0D /* Roboto-Bold.ttf in Resources */ = {isa = PBXBuildFile; fileRef = F8D719802A39987100B19B0D /* Roboto-Bold.ttf */; };
		F8D7198E2A39987100B19B0D /* Roboto-Medium.ttf in Resources */ = {isa = PBXBuildFile; fileRef = F8D719812A39987100B19B0D /* Roboto-Medium.ttf */; };
		F8D7198F2A39987100B19B0D /* Roboto-LightItalic.ttf in Resources */ = {isa = PBXBuildFile; fileRef = F8D719822A39987100B19B0D /* Roboto-LightItalic.ttf */; };
		F8D719902A39987100B19B0D /* Roboto-Regular.ttf in Resources */ = {isa = PBXBuildFile; fileRef = F8D719832A39987100B19B0D /* Roboto-Regular.ttf */; };
		F8D719912A39987100B19B0D /* Roboto-Italic.ttf in Resources */ = {isa = PBXBuildFile; fileRef = F8D719842A39987100B19B0D /* Roboto-Italic.ttf */; };
		F8D719922A39987100B19B0D /* Roboto-BoldItalic.ttf in Resources */ = {isa = PBXBuildFile; fileRef = F8D719852A39987100B19B0D /* Roboto-BoldItalic.ttf */; };
		F8D719942A39B27900B19B0D /* Main.storyboard in Resources */ = {isa = PBXBuildFile; fileRef = F8D719932A39B27900B19B0D /* Main.storyboard */; };
		F8D719962A39B93600B19B0D /* RestaurantDetailHeaderView.swift in Sources */ = {isa = PBXBuildFile; fileRef = F8D719952A39B93600B19B0D /* RestaurantDetailHeaderView.swift */; };
		F8D719982A39CDBF00B19B0D /* RestaurantDetailIconTextCell.swift in Sources */ = {isa = PBXBuildFile; fileRef = F8D719972A39CDBF00B19B0D /* RestaurantDetailIconTextCell.swift */; };
		F8D7199A2A39CF9900B19B0D /* RestaurantDetailTextCell.swift in Sources */ = {isa = PBXBuildFile; fileRef = F8D719992A39CF9900B19B0D /* RestaurantDetailTextCell.swift */; };
		F8F6EA442A00BEDD00CAD317 /* AppDelegate.swift in Sources */ = {isa = PBXBuildFile; fileRef = F8F6EA432A00BEDD00CAD317 /* AppDelegate.swift */; };
		F8F6EA462A00BEDD00CAD317 /* SceneDelegate.swift in Sources */ = {isa = PBXBuildFile; fileRef = F8F6EA452A00BEDD00CAD317 /* SceneDelegate.swift */; };
		F8F6EA4D2A00BEDE00CAD317 /* Assets.xcassets in Resources */ = {isa = PBXBuildFile; fileRef = F8F6EA4C2A00BEDE00CAD317 /* Assets.xcassets */; };
		F8F6EA502A00BEDE00CAD317 /* LaunchScreen.storyboard in Resources */ = {isa = PBXBuildFile; fileRef = F8F6EA4E2A00BEDE00CAD317 /* LaunchScreen.storyboard */; };
		F8F6EA582A00C0D500CAD317 /* RestaurantTableViewController.swift in Sources */ = {isa = PBXBuildFile; fileRef = F8F6EA572A00C0D500CAD317 /* RestaurantTableViewController.swift */; };
/* End PBXBuildFile section */

/* Begin PBXFileReference section */
		F82183122A36DC4100F23A39 /* RestaurantDetailViewController.swift */ = {isa = PBXFileReference; lastKnownFileType = sourcecode.swift; path = RestaurantDetailViewController.swift; sourceTree = "<group>"; };
		F82183142A37171A00F23A39 /* Restaurant.swift */ = {isa = PBXFileReference; lastKnownFileType = sourcecode.swift; path = Restaurant.swift; sourceTree = "<group>"; };
		F89042EB2A1A2A2000D79F87 /* RestaurantTableViewCell.swift */ = {isa = PBXFileReference; lastKnownFileType = sourcecode.swift; path = RestaurantTableViewCell.swift; sourceTree = "<group>"; };
		F8D719792A39987100B19B0D /* Roboto-ThinItalic.ttf */ = {isa = PBXFileReference; lastKnownFileType = file; path = "Roboto-ThinItalic.ttf"; sourceTree = "<group>"; };
		F8D7197A2A39987100B19B0D /* Roboto-Black.ttf */ = {isa = PBXFileReference; lastKnownFileType = file; path = "Roboto-Black.ttf"; sourceTree = "<group>"; };
		F8D7197B2A39987100B19B0D /* Roboto-Light.ttf */ = {isa = PBXFileReference; lastKnownFileType = file; path = "Roboto-Light.ttf"; sourceTree = "<group>"; };
		F8D7197C2A39987100B19B0D /* Roboto-Thin.ttf */ = {isa = PBXFileReference; lastKnownFileType = file; path = "Roboto-Thin.ttf"; sourceTree = "<group>"; };
		F8D7197D2A39987100B19B0D /* LICENSE.txt */ = {isa = PBXFileReference; fileEncoding = 4; lastKnownFileType = text; path = LICENSE.txt; sourceTree = "<group>"; };
		F8D7197E2A39987100B19B0D /* Roboto-MediumItalic.ttf */ = {isa = PBXFileReference; lastKnownFileType = file; path = "Roboto-MediumItalic.ttf"; sourceTree = "<group>"; };
		F8D7197F2A39987100B19B0D /* Roboto-BlackItalic.ttf */ = {isa = PBXFileReference; lastKnownFileType = file; path = "Roboto-BlackItalic.ttf"; sourceTree = "<group>"; };
		F8D719802A39987100B19B0D /* Roboto-Bold.ttf */ = {isa = PBXFileReference; lastKnownFileType = file; path = "Roboto-Bold.ttf"; sourceTree = "<group>"; };
		F8D719812A39987100B19B0D /* Roboto-Medium.ttf */ = {isa = PBXFileReference; lastKnownFileType = file; path = "Roboto-Medium.ttf"; sourceTree = "<group>"; };
		F8D719822A39987100B19B0D /* Roboto-LightItalic.ttf */ = {isa = PBXFileReference; lastKnownFileType = file; path = "Roboto-LightItalic.ttf"; sourceTree = "<group>"; };
		F8D719832A39987100B19B0D /* Roboto-Regular.ttf */ = {isa = PBXFileReference; lastKnownFileType = file; path = "Roboto-Regular.ttf"; sourceTree = "<group>"; };
		F8D719842A39987100B19B0D /* Roboto-Italic.ttf */ = {isa = PBXFileReference; lastKnownFileType = file; path = "Roboto-Italic.ttf"; sourceTree = "<group>"; };
		F8D719852A39987100B19B0D /* Roboto-BoldItalic.ttf */ = {isa = PBXFileReference; lastKnownFileType = file; path = "Roboto-BoldItalic.ttf"; sourceTree = "<group>"; };
		F8D719932A39B27900B19B0D /* Main.storyboard */ = {isa = PBXFileReference; fileEncoding = 4; lastKnownFileType = file.storyboard; path = Main.storyboard; sourceTree = "<group>"; };
		F8D719952A39B93600B19B0D /* RestaurantDetailHeaderView.swift */ = {isa = PBXFileReference; lastKnownFileType = sourcecode.swift; path = RestaurantDetailHeaderView.swift; sourceTree = "<group>"; };
		F8D719972A39CDBF00B19B0D /* RestaurantDetailIconTextCell.swift */ = {isa = PBXFileReference; lastKnownFileType = sourcecode.swift; path = RestaurantDetailIconTextCell.swift; sourceTree = "<group>"; };
		F8D719992A39CF9900B19B0D /* RestaurantDetailTextCell.swift */ = {isa = PBXFileReference; lastKnownFileType = sourcecode.swift; path = RestaurantDetailTextCell.swift; sourceTree = "<group>"; };
		F8F6EA402A00BEDD00CAD317 /* FoodPin.app */ = {isa = PBXFileReference; explicitFileType = wrapper.application; includeInIndex = 0; path = FoodPin.app; sourceTree = BUILT_PRODUCTS_DIR; };
		F8F6EA432A00BEDD00CAD317 /* AppDelegate.swift */ = {isa = PBXFileReference; lastKnownFileType = sourcecode.swift; path = AppDelegate.swift; sourceTree = "<group>"; };
		F8F6EA452A00BEDD00CAD317 /* SceneDelegate.swift */ = {isa = PBXFileReference; lastKnownFileType = sourcecode.swift; path = SceneDelegate.swift; sourceTree = "<group>"; };
		F8F6EA4C2A00BEDE00CAD317 /* Assets.xcassets */ = {isa = PBXFileReference; lastKnownFileType = folder.assetcatalog; path = Assets.xcassets; sourceTree = "<group>"; };
		F8F6EA4F2A00BEDE00CAD317 /* Base */ = {isa = PBXFileReference; lastKnownFileType = file.storyboard; name = Base; path = Base.lproj/LaunchScreen.storyboard; sourceTree = "<group>"; };
		F8F6EA512A00BEDE00CAD317 /* Info.plist */ = {isa = PBXFileReference; lastKnownFileType = text.plist.xml; path = Info.plist; sourceTree = "<group>"; };
		F8F6EA572A00C0D500CAD317 /* RestaurantTableViewController.swift */ = {isa = PBXFileReference; lastKnownFileType = sourcecode.swift; path = RestaurantTableViewController.swift; sourceTree = "<group>"; };
/* End PBXFileReference section */

/* Begin PBXFrameworksBuildPhase section */
		F8F6EA3D2A00BEDD00CAD317 /* Frameworks */ = {
			isa = PBXFrameworksBuildPhase;
			buildActionMask = 2147483647;
			files = (
			);
			runOnlyForDeploymentPostprocessing = 0;
		};
/* End PBXFrameworksBuildPhase section */

/* Begin PBXGroup section */
		F82183162A3879B900F23A39 /* Controller */ = {
			isa = PBXGroup;
			children = (
				F8F6EA572A00C0D500CAD317 /* RestaurantTableViewController.swift */,
				F82183122A36DC4100F23A39 /* RestaurantDetailViewController.swift */,
			);
			path = Controller;
			sourceTree = "<group>";
		};
		F82183172A3879DF00F23A39 /* Storyboard */ = {
			isa = PBXGroup;
			children = (
				F8D719932A39B27900B19B0D /* Main.storyboard */,
				F8F6EA4E2A00BEDE00CAD317 /* LaunchScreen.storyboard */,
			);
			path = Storyboard;
			sourceTree = "<group>";
		};
		F82183182A387A0300F23A39 /* Model */ = {
			isa = PBXGroup;
			children = (
				F82183142A37171A00F23A39 /* Restaurant.swift */,
			);
			path = Model;
			sourceTree = "<group>";
		};
		F82183192A387A1600F23A39 /* View */ = {
			isa = PBXGroup;
			children = (
				F89042EB2A1A2A2000D79F87 /* RestaurantTableViewCell.swift */,
				F8D719952A39B93600B19B0D /* RestaurantDetailHeaderView.swift */,
				F8D719972A39CDBF00B19B0D /* RestaurantDetailIconTextCell.swift */,
				F8D719992A39CF9900B19B0D /* RestaurantDetailTextCell.swift */,
			);
			path = View;
			sourceTree = "<group>";
		};
		F8D719772A39981300B19B0D /* Resources */ = {
			isa = PBXGroup;
			children = (
				F8D719782A39983400B19B0D /* Fonts */,
			);
			path = Resources;
			sourceTree = "<group>";
		};
		F8D719782A39983400B19B0D /* Fonts */ = {
			isa = PBXGroup;
			children = (
				F8D7197D2A39987100B19B0D /* LICENSE.txt */,
				F8D7197A2A39987100B19B0D /* Roboto-Black.ttf */,
				F8D7197F2A39987100B19B0D /* Roboto-BlackItalic.ttf */,
				F8D719802A39987100B19B0D /* Roboto-Bold.ttf */,
				F8D719852A39987100B19B0D /* Roboto-BoldItalic.ttf */,
				F8D719842A39987100B19B0D /* Roboto-Italic.ttf */,
				F8D7197B2A39987100B19B0D /* Roboto-Light.ttf */,
				F8D719822A39987100B19B0D /* Roboto-LightItalic.ttf */,
				F8D719812A39987100B19B0D /* Roboto-Medium.ttf */,
				F8D7197E2A39987100B19B0D /* Roboto-MediumItalic.ttf */,
				F8D719832A39987100B19B0D /* Roboto-Regular.ttf */,
				F8D7197C2A39987100B19B0D /* Roboto-Thin.ttf */,
				F8D719792A39987100B19B0D /* Roboto-ThinItalic.ttf */,
			);
			path = Fonts;
			sourceTree = "<group>";
		};
		F8F6EA372A00BEDD00CAD317 = {
			isa = PBXGroup;
			children = (
				F8F6EA422A00BEDD00CAD317 /* FoodPin */,
				F82183192A387A1600F23A39 /* View */,
				F82183182A387A0300F23A39 /* Model */,
				F82183162A3879B900F23A39 /* Controller */,
				F8F6EA412A00BEDD00CAD317 /* Products */,
			);
			sourceTree = "<group>";
		};
		F8F6EA412A00BEDD00CAD317 /* Products */ = {
			isa = PBXGroup;
			children = (
				F8F6EA402A00BEDD00CAD317 /* FoodPin.app */,
			);
			name = Products;
			sourceTree = "<group>";
		};
		F8F6EA422A00BEDD00CAD317 /* FoodPin */ = {
			isa = PBXGroup;
			children = (
				F82183172A3879DF00F23A39 /* Storyboard */,
				F8F6EA432A00BEDD00CAD317 /* AppDelegate.swift */,
				F8F6EA452A00BEDD00CAD317 /* SceneDelegate.swift */,
				F8D719772A39981300B19B0D /* Resources */,
				F8F6EA4C2A00BEDE00CAD317 /* Assets.xcassets */,
				F8F6EA512A00BEDE00CAD317 /* Info.plist */,
			);
			path = FoodPin;
			sourceTree = "<group>";
		};
/* End PBXGroup section */

/* Begin PBXNativeTarget section */
		F8F6EA3F2A00BEDD00CAD317 /* FoodPin */ = {
			isa = PBXNativeTarget;
			buildConfigurationList = F8F6EA542A00BEDE00CAD317 /* Build configuration list for PBXNativeTarget "FoodPin" */;
			buildPhases = (
				F8F6EA3C2A00BEDD00CAD317 /* Sources */,
				F8F6EA3D2A00BEDD00CAD317 /* Frameworks */,
				F8F6EA3E2A00BEDD00CAD317 /* Resources */,
			);
			buildRules = (
			);
			dependencies = (
			);
			name = FoodPin;
			productName = FoodPin;
			productReference = F8F6EA402A00BEDD00CAD317 /* FoodPin.app */;
			productType = "com.apple.product-type.application";
		};
/* End PBXNativeTarget section */

/* Begin PBXProject section */
		F8F6EA382A00BEDD00CAD317 /* Project object */ = {
			isa = PBXProject;
			attributes = {
				BuildIndependentTargetsInParallel = 1;
				LastSwiftUpdateCheck = 1430;
				LastUpgradeCheck = 1430;
				TargetAttributes = {
					F8F6EA3F2A00BEDD00CAD317 = {
						CreatedOnToolsVersion = 14.3;
					};
				};
			};
			buildConfigurationList = F8F6EA3B2A00BEDD00CAD317 /* Build configuration list for PBXProject "FoodPin" */;
			compatibilityVersion = "Xcode 14.0";
			developmentRegion = en;
			hasScannedForEncodings = 0;
			knownRegions = (
				en,
				Base,
			);
			mainGroup = F8F6EA372A00BEDD00CAD317;
			productRefGroup = F8F6EA412A00BEDD00CAD317 /* Products */;
			projectDirPath = "";
			projectRoot = "";
			targets = (
				F8F6EA3F2A00BEDD00CAD317 /* FoodPin */,
			);
		};
/* End PBXProject section */

/* Begin PBXResourcesBuildPhase section */
		F8F6EA3E2A00BEDD00CAD317 /* Resources */ = {
			isa = PBXResourcesBuildPhase;
			buildActionMask = 2147483647;
			files = (
				F8D719892A39987100B19B0D /* Roboto-Thin.ttf in Resources */,
				F8D719862A39987100B19B0D /* Roboto-ThinItalic.ttf in Resources */,
				F8F6EA502A00BEDE00CAD317 /* LaunchScreen.storyboard in Resources */,
				F8D719882A39987100B19B0D /* Roboto-Light.ttf in Resources */,
				F8D7198F2A39987100B19B0D /* Roboto-LightItalic.ttf in Resources */,
				F8D7198D2A39987100B19B0D /* Roboto-Bold.ttf in Resources */,
				F8D7198A2A39987100B19B0D /* LICENSE.txt in Resources */,
				F8D719912A39987100B19B0D /* Roboto-Italic.ttf in Resources */,
				F8D719872A39987100B19B0D /* Roboto-Black.ttf in Resources */,
				F8D719902A39987100B19B0D /* Roboto-Regular.ttf in Resources */,
				F8D719922A39987100B19B0D /* Roboto-BoldItalic.ttf in Resources */,
				F8D719942A39B27900B19B0D /* Main.storyboard in Resources */,
				F8F6EA4D2A00BEDE00CAD317 /* Assets.xcassets in Resources */,
				F8D7198E2A39987100B19B0D /* Roboto-Medium.ttf in Resources */,
				F8D7198C2A39987100B19B0D /* Roboto-BlackItalic.ttf in Resources */,
				F8D7198B2A39987100B19B0D /* Roboto-MediumItalic.ttf in Resources */,
			);
			runOnlyForDeploymentPostprocessing = 0;
		};
/* End PBXResourcesBuildPhase section */

/* Begin PBXSourcesBuildPhase section */
		F8F6EA3C2A00BEDD00CAD317 /* Sources */ = {
			isa = PBXSourcesBuildPhase;
			buildActionMask = 2147483647;
			files = (
				F89042EC2A1A2A2000D79F87 /* RestaurantTableViewCell.swift in Sources */,
				F8D7199A2A39CF9900B19B0D /* RestaurantDetailTextCell.swift in Sources */,
				F8F6EA442A00BEDD00CAD317 /* AppDelegate.swift in Sources */,
				F82183152A37171A00F23A39 /* Restaurant.swift in Sources */,
				F8D719982A39CDBF00B19B0D /* RestaurantDetailIconTextCell.swift in Sources */,
				F8D719962A39B93600B19B0D /* RestaurantDetailHeaderView.swift in Sources */,
				F82183132A36DC4100F23A39 /* RestaurantDetailViewController.swift in Sources */,
				F8F6EA462A00BEDD00CAD317 /* SceneDelegate.swift in Sources */,
				F8F6EA582A00C0D500CAD317 /* RestaurantTableViewController.swift in Sources */,
			);
			runOnlyForDeploymentPostprocessing = 0;
		};
/* End PBXSourcesBuildPhase section */

/* Begin PBXVariantGroup section */
		F8F6EA4E2A00BEDE00CAD317 /* LaunchScreen.storyboard */ = {
			isa = PBXVariantGroup;
			children = (
				F8F6EA4F2A00BEDE00CAD317 /* Base */,
			);
			name = LaunchScreen.storyboard;
			sourceTree = "<group>";
		};
/* End PBXVariantGroup section */

/* Begin XCBuildConfiguration section */
		F8F6EA522A00BEDE00CAD317 /* Debug */ = {
			isa = XCBuildConfiguration;
			buildSettings = {
				ALWAYS_SEARCH_USER_PATHS = NO;
				CLANG_ANALYZER_NONNULL = YES;
				CLANG_ANALYZER_NUMBER_OBJECT_CONVERSION = YES_AGGRESSIVE;
				CLANG_CXX_LANGUAGE_STANDARD = "gnu++20";
				CLANG_ENABLE_MODULES = YES;
				CLANG_ENABLE_OBJC_ARC = YES;
				CLANG_ENABLE_OBJC_WEAK = YES;
				CLANG_WARN_BLOCK_CAPTURE_AUTORELEASING = YES;
				CLANG_WARN_BOOL_CONVERSION = YES;
				CLANG_WARN_COMMA = YES;
				CLANG_WARN_CONSTANT_CONVERSION = YES;
				CLANG_WARN_DEPRECATED_OBJC_IMPLEMENTATIONS = YES;
				CLANG_WARN_DIRECT_OBJC_ISA_USAGE = YES_ERROR;
				CLANG_WARN_DOCUMENTATION_COMMENTS = YES;
				CLANG_WARN_EMPTY_BODY = YES;
				CLANG_WARN_ENUM_CONVERSION = YES;
				CLANG_WARN_INFINITE_RECURSION = YES;
				CLANG_WARN_INT_CONVERSION = YES;
				CLANG_WARN_NON_LITERAL_NULL_CONVERSION = YES;
				CLANG_WARN_OBJC_IMPLICIT_RETAIN_SELF = YES;
				CLANG_WARN_OBJC_LITERAL_CONVERSION = YES;
				CLANG_WARN_OBJC_ROOT_CLASS = YES_ERROR;
				CLANG_WARN_QUOTED_INCLUDE_IN_FRAMEWORK_HEADER = YES;
				CLANG_WARN_RANGE_LOOP_ANALYSIS = YES;
				CLANG_WARN_STRICT_PROTOTYPES = YES;
				CLANG_WARN_SUSPICIOUS_MOVE = YES;
				CLANG_WARN_UNGUARDED_AVAILABILITY = YES_AGGRESSIVE;
				CLANG_WARN_UNREACHABLE_CODE = YES;
				CLANG_WARN__DUPLICATE_METHOD_MATCH = YES;
				COPY_PHASE_STRIP = NO;
				DEBUG_INFORMATION_FORMAT = dwarf;
				ENABLE_STRICT_OBJC_MSGSEND = YES;
				ENABLE_TESTABILITY = YES;
				GCC_C_LANGUAGE_STANDARD = gnu11;
				GCC_DYNAMIC_NO_PIC = NO;
				GCC_NO_COMMON_BLOCKS = YES;
				GCC_OPTIMIZATION_LEVEL = 0;
				GCC_PREPROCESSOR_DEFINITIONS = (
					"DEBUG=1",
					"$(inherited)",
				);
				GCC_WARN_64_TO_32_BIT_CONVERSION = YES;
				GCC_WARN_ABOUT_RETURN_TYPE = YES_ERROR;
				GCC_WARN_UNDECLARED_SELECTOR = YES;
				GCC_WARN_UNINITIALIZED_AUTOS = YES_AGGRESSIVE;
				GCC_WARN_UNUSED_FUNCTION = YES;
				GCC_WARN_UNUSED_VARIABLE = YES;
				IPHONEOS_DEPLOYMENT_TARGET = 16.4;
				MTL_ENABLE_DEBUG_INFO = INCLUDE_SOURCE;
				MTL_FAST_MATH = YES;
				ONLY_ACTIVE_ARCH = YES;
				SDKROOT = iphoneos;
				SWIFT_ACTIVE_COMPILATION_CONDITIONS = DEBUG;
				SWIFT_OPTIMIZATION_LEVEL = "-Onone";
			};
			name = Debug;
		};
		F8F6EA532A00BEDE00CAD317 /* Release */ = {
			isa = XCBuildConfiguration;
			buildSettings = {
				ALWAYS_SEARCH_USER_PATHS = NO;
				CLANG_ANALYZER_NONNULL = YES;
				CLANG_ANALYZER_NUMBER_OBJECT_CONVERSION = YES_AGGRESSIVE;
				CLANG_CXX_LANGUAGE_STANDARD = "gnu++20";
				CLANG_ENABLE_MODULES = YES;
				CLANG_ENABLE_OBJC_ARC = YES;
				CLANG_ENABLE_OBJC_WEAK = YES;
				CLANG_WARN_BLOCK_CAPTURE_AUTORELEASING = YES;
				CLANG_WARN_BOOL_CONVERSION = YES;
				CLANG_WARN_COMMA = YES;
				CLANG_WARN_CONSTANT_CONVERSION = YES;
				CLANG_WARN_DEPRECATED_OBJC_IMPLEMENTATIONS = YES;
				CLANG_WARN_DIRECT_OBJC_ISA_USAGE = YES_ERROR;
				CLANG_WARN_DOCUMENTATION_COMMENTS = YES;
				CLANG_WARN_EMPTY_BODY = YES;
				CLANG_WARN_ENUM_CONVERSION = YES;
				CLANG_WARN_INFINITE_RECURSION = YES;
				CLANG_WARN_INT_CONVERSION = YES;
				CLANG_WARN_NON_LITERAL_NULL_CONVERSION = YES;
				CLANG_WARN_OBJC_IMPLICIT_RETAIN_SELF = YES;
				CLANG_WARN_OBJC_LITERAL_CONVERSION = YES;
				CLANG_WARN_OBJC_ROOT_CLASS = YES_ERROR;
				CLANG_WARN_QUOTED_INCLUDE_IN_FRAMEWORK_HEADER = YES;
				CLANG_WARN_RANGE_LOOP_ANALYSIS = YES;
				CLANG_WARN_STRICT_PROTOTYPES = YES;
				CLANG_WARN_SUSPICIOUS_MOVE = YES;
				CLANG_WARN_UNGUARDED_AVAILABILITY = YES_AGGRESSIVE;
				CLANG_WARN_UNREACHABLE_CODE = YES;
				CLANG_WARN__DUPLICATE_METHOD_MATCH = YES;
				COPY_PHASE_STRIP = NO;
				DEBUG_INFORMATION_FORMAT = "dwarf-with-dsym";
				ENABLE_NS_ASSERTIONS = NO;
				ENABLE_STRICT_OBJC_MSGSEND = YES;
				GCC_C_LANGUAGE_STANDARD = gnu11;
				GCC_NO_COMMON_BLOCKS = YES;
				GCC_WARN_64_TO_32_BIT_CONVERSION = YES;
				GCC_WARN_ABOUT_RETURN_TYPE = YES_ERROR;
				GCC_WARN_UNDECLARED_SELECTOR = YES;
				GCC_WARN_UNINITIALIZED_AUTOS = YES_AGGRESSIVE;
				GCC_WARN_UNUSED_FUNCTION = YES;
				GCC_WARN_UNUSED_VARIABLE = YES;
				IPHONEOS_DEPLOYMENT_TARGET = 16.4;
				MTL_ENABLE_DEBUG_INFO = NO;
				MTL_FAST_MATH = YES;
				SDKROOT = iphoneos;
				SWIFT_COMPILATION_MODE = wholemodule;
				SWIFT_OPTIMIZATION_LEVEL = "-O";
				VALIDATE_PRODUCT = YES;
			};
			name = Release;
		};
		F8F6EA552A00BEDE00CAD317 /* Debug */ = {
			isa = XCBuildConfiguration;
			buildSettings = {
				ASSETCATALOG_COMPILER_APPICON_NAME = AppIcon;
				ASSETCATALOG_COMPILER_GLOBAL_ACCENT_COLOR_NAME = AccentColor;
				CODE_SIGN_STYLE = Automatic;
				CURRENT_PROJECT_VERSION = 1;
				GENERATE_INFOPLIST_FILE = YES;
				INFOPLIST_FILE = FoodPin/Info.plist;
				INFOPLIST_KEY_UIApplicationSupportsIndirectInputEvents = YES;
				INFOPLIST_KEY_UILaunchStoryboardName = LaunchScreen;
				INFOPLIST_KEY_UIMainStoryboardFile = Main;
				INFOPLIST_KEY_UISupportedInterfaceOrientations_iPad = "UIInterfaceOrientationPortrait UIInterfaceOrientationPortraitUpsideDown UIInterfaceOrientationLandscapeLeft UIInterfaceOrientationLandscapeRight";
				INFOPLIST_KEY_UISupportedInterfaceOrientations_iPhone = "UIInterfaceOrientationPortrait UIInterfaceOrientationLandscapeLeft UIInterfaceOrientationLandscapeRight";
				LD_RUNPATH_SEARCH_PATHS = (
					"$(inherited)",
					"@executable_path/Frameworks",
				);
				MARKETING_VERSION = 1.0;
				PRODUCT_BUNDLE_IDENTIFIER = com.appcode.FoodPin;
				PRODUCT_NAME = "$(TARGET_NAME)";
				SWIFT_EMIT_LOC_STRINGS = YES;
				SWIFT_VERSION = 5.0;
				TARGETED_DEVICE_FAMILY = "1,2";
			};
			name = Debug;
		};
		F8F6EA562A00BEDE00CAD317 /* Release */ = {
			isa = XCBuildConfiguration;
			buildSettings = {
				ASSETCATALOG_COMPILER_APPICON_NAME = AppIcon;
				ASSETCATALOG_COMPILER_GLOBAL_ACCENT_COLOR_NAME = AccentColor;
				CODE_SIGN_STYLE = Automatic;
				CURRENT_PROJECT_VERSION = 1;
				GENERATE_INFOPLIST_FILE = YES;
				INFOPLIST_FILE = FoodPin/Info.plist;
				INFOPLIST_KEY_UIApplicationSupportsIndirectInputEvents = YES;
				INFOPLIST_KEY_UILaunchStoryboardName = LaunchScreen;
				INFOPLIST_KEY_UIMainStoryboardFile = Main;
				INFOPLIST_KEY_UISupportedInterfaceOrientations_iPad = "UIInterfaceOrientationPortrait UIInterfaceOrientationPortraitUpsideDown UIInterfaceOrientationLandscapeLeft UIInterfaceOrientationLandscapeRight";
				INFOPLIST_KEY_UISupportedInterfaceOrientations_iPhone = "UIInterfaceOrientationPortrait UIInterfaceOrientationLandscapeLeft UIInterfaceOrientationLandscapeRight";
				LD_RUNPATH_SEARCH_PATHS = (
					"$(inherited)",
					"@executable_path/Frameworks",
				);
				MARKETING_VERSION = 1.0;
				PRODUCT_BUNDLE_IDENTIFIER = com.appcode.FoodPin;
				PRODUCT_NAME = "$(TARGET_NAME)";
				SWIFT_EMIT_LOC_STRINGS = YES;
				SWIFT_VERSION = 5.0;
				TARGETED_DEVICE_FAMILY = "1,2";
			};
			name = Release;
		};
/* End XCBuildConfiguration section */

/* Begin XCConfigurationList section */
		F8F6EA3B2A00BEDD00CAD317 /* Build configuration list for PBXProject "FoodPin" */ = {
			isa = XCConfigurationList;
			buildConfigurations = (
				F8F6EA522A00BEDE00CAD317 /* Debug */,
				F8F6EA532A00BEDE00CAD317 /* Release */,
			);
			defaultConfigurationIsVisible = 0;
			defaultConfigurationName = Release;
		};
		F8F6EA542A00BEDE00CAD317 /* Build configuration list for PBXNativeTarget "FoodPin" */ = {
			isa = XCConfigurationList;
			buildConfigurations = (
				F8F6EA552A00BEDE00CAD317 /* Debug */,
				F8F6EA562A00BEDE00CAD317 /* Release */,
			);
			defaultConfigurationIsVisible = 0;
			defaultConfigurationName = Release;
		};
/* End XCConfigurationList section */
	};
	rootObject = F8F6EA382A00BEDD00CAD317 /* Project object */;
}
